
Microsoft Visual Studio Solution File, Format Version 12.00
# Visual Studio Version 16
VisualStudioVersion = 16.0.29806.167
MinimumVisualStudioVersion = 10.0.40219.1
Project("{8BC9CEB8-8B4A-11D0-8D11-00A0C91BC942}") = "Zad1", "Week2Robert\Week2Robert.vcxproj", "{0ABC6296-80DF-4AEF-8E18-3DC6764F836A}"
EndProject
Project("{8BC9CEB8-8B4A-11D0-8D11-00A0C91BC942}") = "Zad2", "Zad2\Zad2.vcxproj", "{FDEB41AF-65FC-495B-9FBF-EB02286A465E}"
EndProject
Global
	GlobalSection(SolutionConfigurationPlatforms) = preSolution
		Debug|x64 = Debug|x64
		Debug|x86 = Debug|x86
		Release|x64 = Release|x64
		Release|x86 = Release|x86
	EndGlobalSection
	GlobalSection(ProjectConfigurationPlatforms) = postSolution
		{0ABC6296-80DF-4AEF-8E18-3DC6764F836A}.Debug|x64.ActiveCfg = Debug|x64
		{0ABC6296-80DF-4AEF-8E18-3DC6764F836A}.Debug|x64.Build.0 = Debug|x64
		{0ABC6296-80DF-4AEF-8E18-3DC6764F836A}.Debug|x86.ActiveCfg = Debug|Win32
		{0ABC6296-80DF-4AEF-8E18-3DC6764F836A}.Debug|x86.Build.0 = Debug|Win32
		{0ABC6296-80DF-4AEF-8E18-3DC6764F836A}.Release|x64.ActiveCfg = Release|x64
		{0ABC6296-80DF-4AEF-8E18-3DC6764F836A}.Release|x64.Build.0 = Release|x64
		{0ABC6296-80DF-4AEF-8E18-3DC6764F836A}.Release|x86.ActiveCfg = Release|Win32
		{0ABC6296-80DF-4AEF-8E18-3DC6764F836A}.Release|x86.Build.0 = Release|Win32
		{FDEB41AF-65FC-495B-9FBF-EB02286A465E}.Debug|x64.ActiveCfg = Debug|x64
		{FDEB41AF-65FC-495B-9FBF-EB02286A465E}.Debug|x64.Build.0 = Debug|x64
		{FDEB41AF-65FC-495B-9FBF-EB02286A465E}.Debug|x86.ActiveCfg = Debug|Win32
		{FDEB41AF-65FC-495B-9FBF-EB02286A465E}.Debug|x86.Build.0 = Debug|Win32
		{FDEB41AF-65FC-495B-9FBF-EB02286A465E}.Release|x64.ActiveCfg = Release|x64
		{FDEB41AF-65FC-495B-9FBF-EB02286A465E}.Release|x64.Build.0 = Release|x64
		{FDEB41AF-65FC-495B-9FBF-EB02286A465E}.Release|x86.ActiveCfg = Release|Win32
		{FDEB41AF-65FC-495B-9FBF-EB02286A465E}.Release|x86.Build.0 = Release|Win32
	EndGlobalSection
	GlobalSection(SolutionProperties) = preSolution
		HideSolutionNode = FALSE
	EndGlobalSection
	GlobalSection(ExtensibilityGlobals) = postSolution
		SolutionGuid = {DDF03615-98B5-4997-BD94-942BFFE77D96}
	EndGlobalSection
EndGlobal
